
Microsoft Visual Studio Solution File, Format Version 12.00
# Visual Studio Version 17
VisualStudioVersion = 17.10.35013.160
MinimumVisualStudioVersion = 10.0.40219.1
Project("{FAE04EC0-301F-11D3-BF4B-00C04F79EFBC}") = "ex-03", "ex-03\ex-03.csproj", "{B35E879B-F4D3-4743-9C3D-ACD510C8D6CC}"
EndProject
Global
	GlobalSection(SolutionConfigurationPlatforms) = preSolution
		Debug|Any CPU = Debug|Any CPU
		Release|Any CPU = Release|Any CPU
	EndGlobalSection
	GlobalSection(ProjectConfigurationPlatforms) = postSolution
		{B35E879B-F4D3-4743-9C3D-ACD510C8D6CC}.Debug|Any CPU.ActiveCfg = Debug|Any CPU
		{B35E879B-F4D3-4743-9C3D-ACD510C8D6CC}.Debug|Any CPU.Build.0 = Debug|Any CPU
		{B35E879B-F4D3-4743-9C3D-ACD510C8D6CC}.Release|Any CPU.ActiveCfg = Release|Any CPU
		{B35E879B-F4D3-4743-9C3D-ACD510C8D6CC}.Release|Any CPU.Build.0 = Release|Any CPU
	EndGlobalSection
	GlobalSection(SolutionProperties) = preSolution
		HideSolutionNode = FALSE
	EndGlobalSection
	GlobalSection(ExtensibilityGlobals) = postSolution
		SolutionGuid = {207F17FB-F5F3-4361-B211-08713F023B29}
	EndGlobalSection
EndGlobal
